{
  "name": "dns-server",
  "version": "1.0.0",
  "lockfileVersion": 3,
  "requires": true,
  "packages": {
    "": {
      "name": "dns-server",
      "version": "1.0.0",
      "license": "ISC",
      "dependencies": {
        "dnsd": "^0.9.6"
      }
    },
    "node_modules/defaultable": {
      "version": "0.7.2",
      "resolved": "https://registry.npmjs.org/defaultable/-/defaultable-0.7.2.tgz",
      "integrity": "sha512-UEaHGfefWfbnANtSlCtuAelo7HZhCbdLAQAttRDVJpQplbA1G21t/J70VGznRA4z9py2k70tTW+3ogGs5VgrcQ==",
      "engines": [
        "node"
      ]
    },
    "node_modules/dnsd": {
      "version": "0.9.6",
      "resolved": "https://registry.npmjs.org/dnsd/-/dnsd-0.9.6.tgz",
      "integrity": "sha512-aqdRHXZU+qPyD97PMEHJHXtEFGQi2ssgn8mMsVxJt5zC/uVVQ9uGx8sjTZckHYpuiP2H7wmJ5Jcg2PRYTFHUWw==",
      "dependencies": {
        "defaultable": "~0.7.2",
        "optimist": "~0.3.4"
      },
      "engines": {
        "node": ">= 0.8"
      }
    },
    "node_modules/optimist": {
      "version": "0.3.7",
      "resolved": "https://registry.npmjs.org/optimist/-/optimist-0.3.7.tgz",
      "integrity": "sha512-TCx0dXQzVtSCg2OgY/bO9hjM9cV4XYx09TVK+s3+FhkjT6LovsLe+pPMzpWf+6yXK/hUizs2gUoTw3jHM0VaTQ==",
      "dependencies": {
        "wordwrap": "~0.0.2"
      }
    },
    "node_modules/wordwrap": {
      "version": "0.0.3",
      "resolved": "https://registry.npmjs.org/wordwrap/-/wordwrap-0.0.3.tgz",
      "integrity": "sha512-1tMA907+V4QmxV7dbRvb4/8MaRALK6q9Abid3ndMYnbyo8piisCmeONVqVSXqQA3KaP4SLt5b7ud6E2sqP8TFw==",
      "engines": {
        "node": ">=0.4.0"
      }
    }
  }
}
